
Microsoft Visual Studio Solution File, Format Version 12.00
# Visual Studio Version 16
VisualStudioVersion = 16.0.30225.117
MinimumVisualStudioVersion = 10.0.40219.1
Project("{FAE04EC0-301F-11D3-BF4B-00C04F79EFBC}") = "Dict", "Dict\Dict.csproj", "{F6996F0A-1CC0-4168-9892-A67264DAC554}"
EndProject
Global
	GlobalSection(SolutionConfigurationPlatforms) = preSolution
		Debug|Any CPU = Debug|Any CPU
		Release|Any CPU = Release|Any CPU
	EndGlobalSection
	GlobalSection(ProjectConfigurationPlatforms) = postSolution
		{F6996F0A-1CC0-4168-9892-A67264DAC554}.Debug|Any CPU.ActiveCfg = Debug|Any CPU
		{F6996F0A-1CC0-4168-9892-A67264DAC554}.Debug|Any CPU.Build.0 = Debug|Any CPU
		{F6996F0A-1CC0-4168-9892-A67264DAC554}.Release|Any CPU.ActiveCfg = Release|Any CPU
		{F6996F0A-1CC0-4168-9892-A67264DAC554}.Release|Any CPU.Build.0 = Release|Any CPU
	EndGlobalSection
	GlobalSection(SolutionProperties) = preSolution
		HideSolutionNode = FALSE
	EndGlobalSection
	GlobalSection(ExtensibilityGlobals) = postSolution
		SolutionGuid = {C825197F-CD02-46CB-B69D-39BE10C19E31}
	EndGlobalSection
EndGlobal
